Microsoft Visual Studio Solution File, Format Version 12.00
# Visual Studio Version 17
VisualStudioVersion = 17.5.2.0
MinimumVisualStudioVersion = 10.0.40219.1
Project("{2150E333-8FDC-42A3-9474-1A3956D46DE8}") = "src", "src", "{827E0CD3-B72D-47B6-A68D-7590B98EB39B}"
EndProject
Project("{2150E333-8FDC-42A3-9474-1A3956D46DE8}") = "test", "test", "{0C88DD14-F956-CE84-757C-A364CCF449FC}"
EndProject
Project("{FAE04EC0-301F-11D3-BF4B-00C04F79EFBC}") = "LambdaApi", "src\LambdaApi\LambdaApi.csproj", "{F6902CFC-757D-E115-114B-A7F77F812CDC}"
EndProject
Project("{FAE04EC0-301F-11D3-BF4B-00C04F79EFBC}") = "LambdaApi.Tests", "test\LambdaApi.Tests\LambdaApi.Tests.csproj", "{A2335667-AEB4-B88C-6A96-DD5836EB89BA}"
EndProject
Global
	GlobalSection(SolutionConfigurationPlatforms) = preSolution
		Debug|Any CPU = Debug|Any CPU
		Release|Any CPU = Release|Any CPU
	EndGlobalSection
	GlobalSection(ProjectConfigurationPlatforms) = postSolution
		{F6902CFC-757D-E115-114B-A7F77F812CDC}.Debug|Any CPU.ActiveCfg = Debug|Any CPU
		{F6902CFC-757D-E115-114B-A7F77F812CDC}.Debug|Any CPU.Build.0 = Debug|Any CPU
		{F6902CFC-757D-E115-114B-A7F77F812CDC}.Release|Any CPU.ActiveCfg = Release|Any CPU
		{F6902CFC-757D-E115-114B-A7F77F812CDC}.Release|Any CPU.Build.0 = Release|Any CPU
		{A2335667-AEB4-B88C-6A96-DD5836EB89BA}.Debug|Any CPU.ActiveCfg = Debug|Any CPU
		{A2335667-AEB4-B88C-6A96-DD5836EB89BA}.Debug|Any CPU.Build.0 = Debug|Any CPU
		{A2335667-AEB4-B88C-6A96-DD5836EB89BA}.Release|Any CPU.ActiveCfg = Release|Any CPU
		{A2335667-AEB4-B88C-6A96-DD5836EB89BA}.Release|Any CPU.Build.0 = Release|Any CPU
	EndGlobalSection
	GlobalSection(SolutionProperties) = preSolution
		HideSolutionNode = FALSE
	EndGlobalSection
	GlobalSection(NestedProjects) = preSolution
		{F6902CFC-757D-E115-114B-A7F77F812CDC} = {827E0CD3-B72D-47B6-A68D-7590B98EB39B}
		{A2335667-AEB4-B88C-6A96-DD5836EB89BA} = {0C88DD14-F956-CE84-757C-A364CCF449FC}
	EndGlobalSection
	GlobalSection(ExtensibilityGlobals) = postSolution
		SolutionGuid = {D163C2CB-FCFF-4ED1-BB74-60CF23078A87}
	EndGlobalSection
EndGlobal
